github.com/codegangsta/cli v0.0.0-20170128213959-347a9884a873/go.mod h1:/qJNoX69yVSKu5o4jLyXAENLRyk1uhi7zkbQ3slBdOA=
github.com/disintegration/imaging v0.0.0-20160228073435-d8bbae1de109/go.mod h1:9B/deIUIrliYkyMTuXJd6OUFLcrZ2tf+3Qlwnaf/CjU=
github.com/disintegration/imaging v1.6.2 h1:w1LecBlG2Lnp8B3jk5zSuNqd7b4DXhcjwek1ei82L+c=
github.com/disintegration/imaging v1.6.2/go.mod h1:44/5580QXChDfwIclfc/PCwrr44amcmDAg8hxG0Ewe4=
github.com/gdamore/encoding v1.0.0 h1:+7OoQ1Bc6eTm5niUzBa0Ctsh6JbMW6Ra+YNuAtDBdko=
github.com/gdamore/encoding v1.0.0/go.mod h1:alR0ol34c49FCSBLjhosxzcPHQbf2trDkoo5dl+VrEg=
github.com/gdamore/tcell/v2 v2.4.0 h1:W6dxJEmaxYvhICFoTY3WrLLEXsQ11SaFnKGVEXW57KM=
github.com/gdamore/tcell/v2 v2.4.0/go.mod h1:cTTuF84Dlj/RqmaCIV5p4w8uG1zWdk0SF6oBpwHp4fU=
github.com/go-gl/gl v0.0.0-20180407155706-68e253793080/go.mod h1:482civXOzJJCPzJ4ZOX/pwvXBWSnzD4OKMdH4ClKGbk=
github.com/go-gl/glfw v0.0.0-20180426074136-46a8d530c326/go.mod h1:vR7hzQXu2zJy9AVAgeJqvqgH9Q5CA+iKCZ2gyEVpxRU=
github.com/golang/freetype v0.0.0-20170609003504-e2365dfdc4a0/go.mod h1:E/TSTwGwJL78qG/PmXZO1EjYhfJinVAhrmmHX6Z8B9k=
github.com/hypebeast/go-osc v0.0.0-20220308234300-cec5a8a1e5f5 h1:fqwINudmUrvGCuw+e3tedZ2UJ0hklSw6t8UPomctKyQ=
github.com/hypebeast/go-osc v0.0.0-20220308234300-cec5a8a1e5f5/go.mod h1:lqMjoCs0y0GoRRujSPZRBaGb4c5ER6TfkFKSClxkMbY=
github.com/jung-kurt/gofpdf v1.0.0/go.mod h1:7Id9E/uU8ce6rXgefFLlgrJj/GYY22cpxn+r32jIOes=
github.com/kevin-cantwell/dotmatrix v0.0.0-20190516234139-135e8f4a93cd h1:AvLqGG7jnf8xTpMy8zXIQYcsI7HyWS3Jeaa1S3mnQLY=
github.com/kevin-cantwell/dotmatrix v0.0.0-20190516234139-135e8f4a93cd/go.mod h1:xlphlvevOTBxEn87p9yaw4mirwdOwVazAS2TtV4kSfw=
github.com/kylelemons/godebug v1.1.0 h1:RPNrshWIDI6G2gRW9EHilWtl7Z6Sb1BR0xunSBf0SNc=
github.com/kylelemons/godebug v1.1.0/go.mod h1:9/0rRGxNHcop5bhtWyNeEfOS8JIWk580+fNqagV/RAw=
github.com/llgcode/draw2d v0.0.0-20180825133448-f52c8a71aff0/go.mod h1:mVa0dA29Db2S4LVqDYLlsePDzRJLDfdhVZiI15uY0FA=
github.com/llgcode/ps v0.0.0-20150911083025-f1443b32eedb/go.mod h1:1l8ky+Ew27CMX29uG+a2hNOKpeNYEQjjtiALiBlFQbY=
github.com/lucasb-eyer/go-colorful v1.0.3 h1:QIbQXiugsb+q10B+MI+7DI1oQLdmnep86tWFlaaUAac=
github.com/lucasb-eyer/go-colorful v1.0.3/go.mod h1:R4dSotOR9KMtayYi1e77YzuveK+i7ruzyGqttikkLy0=
github.com/mattn/go-runewidth v0.0.10/go.mod h1:RAqKPSqVFrSLVXbA8x7dzmKdmGzieGRCM46jaSJTDAk=
github.com/mattn/go-runewidth v0.0.13 h1:lTGmDsbAYt5DmK6OnoV7EuIF1wEIFAcxld6ypU4OSgU=
github.com/mattn/go-runewidth v0.0.13/go.mod h1:Jdepj2loyihRzMpdS35Xk/zdY8IAYHsh153qUoGf23w=
github.com/mum4k/termdash v0.16.1 h1:WZ0DzhudyV2tqMcyeNxLJHfyctgeHo9Gx7XNdOup9G8=
github.com/mum4k/termdash v0.16.1/go.mod h1:9ZrEWvF4xP/PRFUUGM07Sd4ZR6DUGr+copTb7jt4atA=
github.com/nfnt/resize v0.0.0-20160109112512-4d93a29130b1/go.mod h1:jpp1/29i3P1S/RLdc7JQKbRpFeM1dOBd8T9ki5s+AY8=
github.com/nfnt/resize v0.0.0-20180221191011-83c6a9932646 h1:zYyBkD/k9seD2A7fsi6Oo2LfFZAehjjQMERAvZLEDnQ=
github.com/nfnt/resize v0.0.0-20180221191011-83c6a9932646/go.mod h1:jpp1/29i3P1S/RLdc7JQKbRpFeM1dOBd8T9ki5s+AY8=
github.com/nsf/termbox-go v0.0.0-20201107200903-9b52a5faed9e/go.mod h1:IuKpRQcYE1Tfu+oAQqaLisqDeXgjyyltCfsaoYN18NQ=
github.com/onsi/ginkgo v0.0.0-20160722022339-09289bfe14b6 h1:X/rEWJ2sGny1+e++lsEmocn4eXh8nU5DNB5kQ5sCYzE=
github.com/onsi/ginkgo v0.0.0-20160722022339-09289bfe14b6/go.mod h1:lLunBs/Ym6LB5Z9jYTR76FiuTmxDTDusOGeTQH+WWjE=
github.com/onsi/gomega v0.0.0-20160911051023-d59fa0ac68bb h1:myDTJUQm/UVMeOHuw47rGP+3Id5b0s0T7EVl71ZweuI=
github.com/onsi/gomega v0.0.0-20160911051023-d59fa0ac68bb/go.mod h1:C1qb7wdrVGGVU+Z6iS04AVkA3Q65CEZX59MT0QO5uiA=
github.com/rivo/uniseg v0.1.0/go.mod h1:J6wj4VEh+S6ZtnVlnTBMWIodfgj8LQOQFoIToxlJtxc=
github.com/rivo/uniseg v0.2.0 h1:S1pD9weZBuJdFmowNwbpi7BJ8TNftyUImj/0WQi72jY=
github.com/rivo/uniseg v0.2.0/go.mod h1:J6wj4VEh+S6ZtnVlnTBMWIodfgj8LQOQFoIToxlJtxc=
golang.org/x/crypto v0.0.0-20170516161655-0fe963104e9d/go.mod h1:6SG95UA2DQfeDnfUPMdvaQW0Q7yPrPDi9nlGo2tz2b4=
golang.org/x/image v0.0.0-20180708004352-c73c2afc3b81/go.mod h1:ux5Hcp/YLpHSI86hEcLt0YII63i6oz57MZXIpbrjZUs=
golang.org/x/image v0.0.0-20191009234506-e7c1f5e7dbb8 h1:hVwzHzIUGRjiF7EcUjqNxk3NCfkPxbDKRdnNE1Rpg0U=
golang.org/x/image v0.0.0-20191009234506-e7c1f5e7dbb8/go.mod h1:FeLwcggjj3mMvU+oOTbSwawSJRM1uh48EjtB4UJZlP0=
golang.org/x/sys v0.0.0-20161214190518-d75a52659825/go.mod h1:STP8DvDyc/dI5b8T5hshtkjS+E42TnysNCUPdjciGhY=
golang.org/x/sys v0.0.0-20201119102817-f84b799fce68 h1:nxC68pudNYkKU6jWhgrqdreuFiOQWj1Fs7T3VrH4Pjw=
golang.org/x/sys v0.0.0-20201119102817-f84b799fce68/go.mod h1:h1NjWce9XRLGQEsW7wpKNCjG9DtNlClVuFLEZdDNbEs=
golang.org/x/term v0.0.0-20201210144234-2321bbc49cbf h1:MZ2shdL+ZM/XzY3ZGOnh4Nlpnxz5GSOhOmtHo3iPU6M=
golang.org/x/term v0.0.0-20201210144234-2321bbc49cbf/go.mod h1:bj7SfCRtBDWHUb9snDiAeCFNEtKQo2Wmx5Cou7ajbmo=
golang.org/x/text v0.0.0-20170530162606-4ee4af566555/go.mod h1:NqM8EUOU14njkJ3fqMW+pc6Ldnwhi/IjpwHt7yyuwOQ=
golang.org/x/text v0.3.0/go.mod h1:NqM8EUOU14njkJ3fqMW+pc6Ldnwhi/IjpwHt7yyuwOQ=
golang.org/x/text v0.3.4 h1:0YWbFKbhXG/wIiuHDSKpS0Iy7FSA+u45VtBMfQcFTTc=
golang.org/x/text v0.3.4/go.mod h1:5Zoc/QRtKVWzQhOtBMvqHzDpF6irO9z98xDceosuGiQ=
golang.org/x/tools v0.0.0-20180917221912-90fa682c2a6e/go.mod h1:n7NCudcB/nEzxVGmLbDWY5pfWTLqBcC2KZ6jyYvM4mQ=
gopkg.in/yaml.v2 v2.0.0-20160928153709-a5b47d31c556 h1:hKXbLW5oaJoQgs8KrzTLdF4PoHi+0oQPgea9TNtvE3E=
gopkg.in/yaml.v2 v2.0.0-20160928153709-a5b47d31c556/go.mod h1:JAlM8MvJe8wmxCU4Bli9HhUf9+ttbYbLASfIpnQbh74=
